
Microsoft Visual Studio Solution File, Format Version 12.00
# Visual Studio Version 17
VisualStudioVersion = 17.7.34031.279
MinimumVisualStudioVersion = 10.0.40219.1
Project("{FAE04EC0-301F-11D3-BF4B-00C04F79EFBC}") = "class_uygulaması", "class_uygulaması\class_uygulaması.csproj", "{B084E1C0-9386-4EC3-A300-D5BBD0505FA9}"
EndProject
Global
	GlobalSection(SolutionConfigurationPlatforms) = preSolution
		Debug|Any CPU = Debug|Any CPU
		Release|Any CPU = Release|Any CPU
	EndGlobalSection
	GlobalSection(ProjectConfigurationPlatforms) = postSolution
		{B084E1C0-9386-4EC3-A300-D5BBD0505FA9}.Debug|Any CPU.ActiveCfg = Debug|Any CPU
		{B084E1C0-9386-4EC3-A300-D5BBD0505FA9}.Debug|Any CPU.Build.0 = Debug|Any CPU
		{B084E1C0-9386-4EC3-A300-D5BBD0505FA9}.Release|Any CPU.ActiveCfg = Release|Any CPU
		{B084E1C0-9386-4EC3-A300-D5BBD0505FA9}.Release|Any CPU.Build.0 = Release|Any CPU
	EndGlobalSection
	GlobalSection(SolutionProperties) = preSolution
		HideSolutionNode = FALSE
	EndGlobalSection
	GlobalSection(ExtensibilityGlobals) = postSolution
		SolutionGuid = {6B31EC1E-CAB2-4F0B-97D6-DC0682A13714}
	EndGlobalSection
EndGlobal
